
Microsoft Visual Studio Solution File, Format Version 12.00
# Visual Studio Version 17
VisualStudioVersion = 17.5.33516.290
MinimumVisualStudioVersion = 10.0.40219.1
Project("{FAE04EC0-301F-11D3-BF4B-00C04F79EFBC}") = "Net.fm", "Net.fm\Net.fm.csproj", "{42B18EA0-AA76-42DC-8909-9762EC26A044}"
EndProject
Global
	GlobalSection(SolutionConfigurationPlatforms) = preSolution
		Debug|Any CPU = Debug|Any CPU
		Release|Any CPU = Release|Any CPU
	EndGlobalSection
	GlobalSection(ProjectConfigurationPlatforms) = postSolution
		{42B18EA0-AA76-42DC-8909-9762EC26A044}.Debug|Any CPU.ActiveCfg = Debug|Any CPU
		{42B18EA0-AA76-42DC-8909-9762EC26A044}.Debug|Any CPU.Build.0 = Debug|Any CPU
		{42B18EA0-AA76-42DC-8909-9762EC26A044}.Release|Any CPU.ActiveCfg = Release|Any CPU
		{42B18EA0-AA76-42DC-8909-9762EC26A044}.Release|Any CPU.Build.0 = Release|Any CPU
	EndGlobalSection
	GlobalSection(SolutionProperties) = preSolution
		HideSolutionNode = FALSE
	EndGlobalSection
	GlobalSection(ExtensibilityGlobals) = postSolution
		SolutionGuid = {C3E1268F-24CA-4C57-B4B5-FBA4F4A9B1B5}
	EndGlobalSection
EndGlobal
